
Microsoft Visual Studio Solution File, Format Version 12.00
# Visual Studio Version 16
VisualStudioVersion = 16.0.30204.135
MinimumVisualStudioVersion = 10.0.40219.1
Project("{9A19103F-16F7-4668-BE54-9A1E7A4F7556}") = "PermissionExtensions", "PermissionExtensions/PermissionExtensions.csproj", "{EAB5C9CE-05B2-40DB-A481-40EB62B3DD9D}"
EndProject
Global
	GlobalSection(SolutionConfigurationPlatforms) = preSolution
		Debug|Any CPU = Debug|Any CPU
		Release|Any CPU = Release|Any CPU
	EndGlobalSection
	GlobalSection(ProjectConfigurationPlatforms) = postSolution
		{EAB5C9CE-05B2-40DB-A481-40EB62B3DD9D}.Debug|Any CPU.ActiveCfg = Debug|Any CPU
		{EAB5C9CE-05B2-40DB-A481-40EB62B3DD9D}.Debug|Any CPU.Build.0 = Debug|Any CPU
		{EAB5C9CE-05B2-40DB-A481-40EB62B3DD9D}.Release|Any CPU.ActiveCfg = Release|Any CPU
		{EAB5C9CE-05B2-40DB-A481-40EB62B3DD9D}.Release|Any CPU.Build.0 = Release|Any CPU
	EndGlobalSection
	GlobalSection(SolutionProperties) = preSolution
		HideSolutionNode = FALSE
	EndGlobalSection
	GlobalSection(ExtensibilityGlobals) = postSolution
		SolutionGuid = {B6906AA8-5834-495E-A616-67CC21F23F83}
	EndGlobalSection
EndGlobal
